
Microsoft Visual Studio Solution File, Format Version 12.00
# Visual Studio 2012
Project("{FAE04EC0-301F-11D3-BF4B-00C04F79EFBC}") = "TableofElements", "TableofElements\TableofElements.csproj", "{222A70F9-086F-42E4-9C5F-B5D4BA40CF87}"
EndProject
Global
	GlobalSection(SolutionConfigurationPlatforms) = preSolution
		Debug|iPhoneSimulator = Debug|iPhoneSimulator
		Release|iPhone = Release|iPhone
		Release|iPhoneSimulator = Release|iPhoneSimulator
		Debug|iPhone = Debug|iPhone
	EndGlobalSection
	GlobalSection(ProjectConfigurationPlatforms) = postSolution
		{222A70F9-086F-42E4-9C5F-B5D4BA40CF87}.Debug|iPhoneSimulator.ActiveCfg = Debug|iPhoneSimulator
		{222A70F9-086F-42E4-9C5F-B5D4BA40CF87}.Debug|iPhoneSimulator.Build.0 = Debug|iPhoneSimulator
		{222A70F9-086F-42E4-9C5F-B5D4BA40CF87}.Release|iPhone.ActiveCfg = Release|iPhone
		{222A70F9-086F-42E4-9C5F-B5D4BA40CF87}.Release|iPhone.Build.0 = Release|iPhone
		{222A70F9-086F-42E4-9C5F-B5D4BA40CF87}.Release|iPhoneSimulator.ActiveCfg = Release|iPhoneSimulator
		{222A70F9-086F-42E4-9C5F-B5D4BA40CF87}.Release|iPhoneSimulator.Build.0 = Release|iPhoneSimulator
		{222A70F9-086F-42E4-9C5F-B5D4BA40CF87}.Debug|iPhone.ActiveCfg = Debug|iPhone
		{222A70F9-086F-42E4-9C5F-B5D4BA40CF87}.Debug|iPhone.Build.0 = Debug|iPhone
	EndGlobalSection
EndGlobal
